<?xml version="1.0" encoding="utf-8"?>
<Project ToolsVersion="4.0" xmlns="http://schemas.microsoft.com/developer/msbuild/2003">
  <ItemGroup>
    <Filter Include="Resource Files">
      <UniqueIdentifier>{67DA6AB6-F800-4c08-8B7A-83BB121AAD01}</UniqueIdentifier>
      <Extensions>rc;ico;cur;bmp;dlg;rc2;rct;bin;rgs;gif;jpg;jpeg;jpe;resx;tiff;tif;png;wav;mfcribbon-ms</Extensions>
    </Filter>
    <Filter Include="Resource Files">
      <UniqueIdentifier>{D9D6E242-F8AF-46E4-B9FD-80ECBC20BA3E}</UniqueIdentifier>
      <Extensions>qrc;*</Extensions>
      <ParseFiles>false</ParseFiles>
    </Filter>
    <Filter Include="qt">
      <UniqueIdentifier>{6844ea93-fa5d-4132-822e-9686f79601fb}</UniqueIdentifier>
    </Filter>
  </ItemGroup>
  <ItemGroup>
    <QtRcc Include="QtPlayer.qrc">
      <Filter>Resource Files</Filter>
    </QtRcc>
    <QtUic Include="QtPlayer.ui">
      <Filter>Resource Files</Filter>
    </QtUic>
  </ItemGroup>
  <ItemGroup>
    <ClCompile Include="main.cpp">
      <Filter>qt</Filter>
    </ClCompile>
    <ClCompile Include="QtPlayer.cpp">
      <Filter>qt</Filter>
    </ClCompile>
    <ClCompile Include="..\..\..\src\SFMutex.cpp" />
    <ClCompile Include="..\..\..\src\SFPlayer.cpp" />
    <ClCompile Include="..\..\..\src\SFSync.cpp" />
    <ClCompile Include="..\..\..\src\SFUtils.cpp" />
  </ItemGroup>
  <ItemGroup>
    <QtMoc Include="QtPlayer.h">
      <Filter>qt</Filter>
    </QtMoc>
  </ItemGroup>
  <ItemGroup>
    <ClInclude Include="..\..\..\src\SFMutex.h" />
    <ClInclude Include="..\..\..\src\SFPlayer.h" />
    <ClInclude Include="..\..\..\src\SFSync.h" />
    <ClInclude Include="..\..\..\src\SFUtils.h" />
  </ItemGroup>
</Project>